
Microsoft Visual Studio Solution File, Format Version 12.00
# Visual Studio Version 17
VisualStudioVersion = 17.11.35111.106
MinimumVisualStudioVersion = 10.0.40219.1
Project("{FAE04EC0-301F-11D3-BF4B-00C04F79EFBC}") = "ZooManager", "ZooManager\ZooManager.csproj", "{B41752DC-305B-43E0-A667-41F8273C0AE4}"
EndProject
Global
	GlobalSection(SolutionConfigurationPlatforms) = preSolution
		Debug|Any CPU = Debug|Any CPU
		Release|Any CPU = Release|Any CPU
	EndGlobalSection
	GlobalSection(ProjectConfigurationPlatforms) = postSolution
		{B41752DC-305B-43E0-A667-41F8273C0AE4}.Debug|Any CPU.ActiveCfg = Debug|Any CPU
		{B41752DC-305B-43E0-A667-41F8273C0AE4}.Debug|Any CPU.Build.0 = Debug|Any CPU
		{B41752DC-305B-43E0-A667-41F8273C0AE4}.Release|Any CPU.ActiveCfg = Release|Any CPU
		{B41752DC-305B-43E0-A667-41F8273C0AE4}.Release|Any CPU.Build.0 = Release|Any CPU
	EndGlobalSection
	GlobalSection(SolutionProperties) = preSolution
		HideSolutionNode = FALSE
	EndGlobalSection
	GlobalSection(ExtensibilityGlobals) = postSolution
		SolutionGuid = {51AEAC96-DCDC-4CAB-8D90-0ACD355F3B6B}
	EndGlobalSection
EndGlobal
